
Microsoft Visual Studio Solution File, Format Version 12.00
# Visual Studio Version 16
VisualStudioVersion = 16.0.30114.105
MinimumVisualStudioVersion = 10.0.40219.1
Project("{9A19103F-16F7-4668-BE54-9A1E7A4F7556}") = "EventoTec.web", "EventoTec.web\EventoTec.web.csproj", "{089D5586-AEBB-434D-9D4C-BAA304BF10A8}"
EndProject
Project("{9A19103F-16F7-4668-BE54-9A1E7A4F7556}") = "EventoTec.Libary", "EventoTec.Libary\EventoTec.Libary.csproj", "{7A15E7F8-94F9-40BF-99CC-19AE9D41D5CA}"
EndProject
Project("{FAE04EC0-301F-11D3-BF4B-00C04F79EFBC}") = "EventosTec", "EventosTec\EventosTec\EventosTec.csproj", "{1112FF7B-BB89-408F-8163-DCAD4D903D97}"
EndProject
Project("{FAE04EC0-301F-11D3-BF4B-00C04F79EFBC}") = "EventosTec.Prism", "EventosTec.Prism\EventosTec.Prism\EventosTec.Prism.csproj", "{D4E90B29-7358-44CE-97C2-F264228A461F}"
EndProject
Project("{FAE04EC0-301F-11D3-BF4B-00C04F79EFBC}") = "EventosTec.Prism.Android", "EventosTec.Prism\EventosTec.Prism.Android\EventosTec.Prism.Android.csproj", "{EF28D68F-35CC-479D-9254-F398F49258DC}"
EndProject
Project("{FAE04EC0-301F-11D3-BF4B-00C04F79EFBC}") = "EventosTec.Prism.iOS", "EventosTec.Prism\EventosTec.Prism.iOS\EventosTec.Prism.iOS.csproj", "{B450820F-D9AB-4456-89BB-D50E57969A57}"
EndProject
Global
	GlobalSection(SolutionConfigurationPlatforms) = preSolution
		Ad-Hoc|Any CPU = Ad-Hoc|Any CPU
		Ad-Hoc|iPhone = Ad-Hoc|iPhone
		Ad-Hoc|iPhoneSimulator = Ad-Hoc|iPhoneSimulator
		AppStore|Any CPU = AppStore|Any CPU
		AppStore|iPhone = AppStore|iPhone
		AppStore|iPhoneSimulator = AppStore|iPhoneSimulator
		Debug|Any CPU = Debug|Any CPU
		Debug|iPhone = Debug|iPhone
		Debug|iPhoneSimulator = Debug|iPhoneSimulator
		Release|Any CPU = Release|Any CPU
		Release|iPhone = Release|iPhone
		Release|iPhoneSimulator = Release|iPhoneSimulator
	EndGlobalSection
	GlobalSection(ProjectConfigurationPlatforms) = postSolution
		{089D5586-AEBB-434D-9D4C-BAA304BF10A8}.Ad-Hoc|Any CPU.ActiveCfg = Release|Any CPU
		{089D5586-AEBB-434D-9D4C-BAA304BF10A8}.Ad-Hoc|Any CPU.Build.0 = Release|Any CPU
		{089D5586-AEBB-434D-9D4C-BAA304BF10A8}.Ad-Hoc|iPhone.ActiveCfg = Release|Any CPU
		{089D5586-AEBB-434D-9D4C-BAA304BF10A8}.Ad-Hoc|iPhone.Build.0 = Release|Any CPU
		{089D5586-AEBB-434D-9D4C-BAA304BF10A8}.Ad-Hoc|iPhoneSimulator.ActiveCfg = Release|Any CPU
		{089D5586-AEBB-434D-9D4C-BAA304BF10A8}.Ad-Hoc|iPhoneSimulator.Build.0 = Release|Any CPU
		{089D5586-AEBB-434D-9D4C-BAA304BF10A8}.AppStore|Any CPU.ActiveCfg = Release|Any CPU
		{089D5586-AEBB-434D-9D4C-BAA304BF10A8}.AppStore|Any CPU.Build.0 = Release|Any CPU
		{089D5586-AEBB-434D-9D4C-BAA304BF10A8}.AppStore|iPhone.ActiveCfg = Release|Any CPU
		{089D5586-AEBB-434D-9D4C-BAA304BF10A8}.AppStore|iPhone.Build.0 = Release|Any CPU
		{089D5586-AEBB-434D-9D4C-BAA304BF10A8}.AppStore|iPhoneSimulator.ActiveCfg = Release|Any CPU
		{089D5586-AEBB-434D-9D4C-BAA304BF10A8}.AppStore|iPhoneSimulator.Build.0 = Release|Any CPU
		{089D5586-AEBB-434D-9D4C-BAA304BF10A8}.Debug|Any CPU.ActiveCfg = Debug|Any CPU
		{089D5586-AEBB-434D-9D4C-BAA304BF10A8}.Debug|Any CPU.Build.0 = Debug|Any CPU
		{089D5586-AEBB-434D-9D4C-BAA304BF10A8}.Debug|iPhone.ActiveCfg = Debug|Any CPU
		{089D5586-AEBB-434D-9D4C-BAA304BF10A8}.Debug|iPhone.Build.0 = Debug|Any CPU
		{089D5586-AEBB-434D-9D4C-BAA304BF10A8}.Debug|iPhoneSimulator.ActiveCfg = Debug|Any CPU
		{089D5586-AEBB-434D-9D4C-BAA304BF10A8}.Debug|iPhoneSimulator.Build.0 = Debug|Any CPU
		{089D5586-AEBB-434D-9D4C-BAA304BF10A8}.Release|Any CPU.ActiveCfg = Release|Any CPU
		{089D5586-AEBB-434D-9D4C-BAA304BF10A8}.Release|Any CPU.Build.0 = Release|Any CPU
		{089D5586-AEBB-434D-9D4C-BAA304BF10A8}.Release|iPhone.ActiveCfg = Release|Any CPU
		{089D5586-AEBB-434D-9D4C-BAA304BF10A8}.Release|iPhone.Build.0 = Release|Any CPU
		{089D5586-AEBB-434D-9D4C-BAA304BF10A8}.Release|iPhoneSimulator.ActiveCfg = Release|Any CPU
		{089D5586-AEBB-434D-9D4C-BAA304BF10A8}.Release|iPhoneSimulator.Build.0 = Release|Any CPU
		{7A15E7F8-94F9-40BF-99CC-19AE9D41D5CA}.Ad-Hoc|Any CPU.ActiveCfg = Release|Any CPU
		{7A15E7F8-94F9-40BF-99CC-19AE9D41D5CA}.Ad-Hoc|Any CPU.Build.0 = Release|Any CPU
		{7A15E7F8-94F9-40BF-99CC-19AE9D41D5CA}.Ad-Hoc|iPhone.ActiveCfg = Release|Any CPU
		{7A15E7F8-94F9-40BF-99CC-19AE9D41D5CA}.Ad-Hoc|iPhone.Build.0 = Release|Any CPU
		{7A15E7F8-94F9-40BF-99CC-19AE9D41D5CA}.Ad-Hoc|iPhoneSimulator.ActiveCfg = Release|Any CPU
		{7A15E7F8-94F9-40BF-99CC-19AE9D41D5CA}.Ad-Hoc|iPhoneSimulator.Build.0 = Release|Any CPU
		{7A15E7F8-94F9-40BF-99CC-19AE9D41D5CA}.AppStore|Any CPU.ActiveCfg = Release|Any CPU
		{7A15E7F8-94F9-40BF-99CC-19AE9D41D5CA}.AppStore|Any CPU.Build.0 = Release|Any CPU
		{7A15E7F8-94F9-40BF-99CC-19AE9D41D5CA}.AppStore|iPhone.ActiveCfg = Release|Any CPU
		{7A15E7F8-94F9-40BF-99CC-19AE9D41D5CA}.AppStore|iPhone.Build.0 = Release|Any CPU
		{7A15E7F8-94F9-40BF-99CC-19AE9D41D5CA}.AppStore|iPhoneSimulator.ActiveCfg = Release|Any CPU
		{7A15E7F8-94F9-40BF-99CC-19AE9D41D5CA}.AppStore|iPhoneSimulator.Build.0 = Release|Any CPU
		{7A15E7F8-94F9-40BF-99CC-19AE9D41D5CA}.Debug|Any CPU.ActiveCfg = Debug|Any CPU
		{7A15E7F8-94F9-40BF-99CC-19AE9D41D5CA}.Debug|Any CPU.Build.0 = Debug|Any CPU
		{7A15E7F8-94F9-40BF-99CC-19AE9D41D5CA}.Debug|iPhone.ActiveCfg = Debug|Any CPU
		{7A15E7F8-94F9-40BF-99CC-19AE9D41D5CA}.Debug|iPhone.Build.0 = Debug|Any CPU
		{7A15E7F8-94F9-40BF-99CC-19AE9D41D5CA}.Debug|iPhoneSimulator.ActiveCfg = Debug|Any CPU
		{7A15E7F8-94F9-40BF-99CC-19AE9D41D5CA}.Debug|iPhoneSimulator.Build.0 = Debug|Any CPU
		{7A15E7F8-94F9-40BF-99CC-19AE9D41D5CA}.Release|Any CPU.ActiveCfg = Release|Any CPU
		{7A15E7F8-94F9-40BF-99CC-19AE9D41D5CA}.Release|Any CPU.Build.0 = Release|Any CPU
		{7A15E7F8-94F9-40BF-99CC-19AE9D41D5CA}.Release|iPhone.ActiveCfg = Release|Any CPU
		{7A15E7F8-94F9-40BF-99CC-19AE9D41D5CA}.Release|iPhone.Build.0 = Release|Any CPU
		{7A15E7F8-94F9-40BF-99CC-19AE9D41D5CA}.Release|iPhoneSimulator.ActiveCfg = Release|Any CPU
		{7A15E7F8-94F9-40BF-99CC-19AE9D41D5CA}.Release|iPhoneSimulator.Build.0 = Release|Any CPU
		{1112FF7B-BB89-408F-8163-DCAD4D903D97}.Ad-Hoc|Any CPU.ActiveCfg = Debug|Any CPU
		{1112FF7B-BB89-408F-8163-DCAD4D903D97}.Ad-Hoc|Any CPU.Build.0 = Debug|Any CPU
		{1112FF7B-BB89-408F-8163-DCAD4D903D97}.Ad-Hoc|iPhone.ActiveCfg = Debug|Any CPU
		{1112FF7B-BB89-408F-8163-DCAD4D903D97}.Ad-Hoc|iPhone.Build.0 = Debug|Any CPU
		{1112FF7B-BB89-408F-8163-DCAD4D903D97}.Ad-Hoc|iPhoneSimulator.ActiveCfg = Debug|Any CPU
		{1112FF7B-BB89-408F-8163-DCAD4D903D97}.Ad-Hoc|iPhoneSimulator.Build.0 = Debug|Any CPU
		{1112FF7B-BB89-408F-8163-DCAD4D903D97}.AppStore|Any CPU.ActiveCfg = Debug|Any CPU
		{1112FF7B-BB89-408F-8163-DCAD4D903D97}.AppStore|Any CPU.Build.0 = Debug|Any CPU
		{1112FF7B-BB89-408F-8163-DCAD4D903D97}.AppStore|iPhone.ActiveCfg = Debug|Any CPU
		{1112FF7B-BB89-408F-8163-DCAD4D903D97}.AppStore|iPhone.Build.0 = Debug|Any CPU
		{1112FF7B-BB89-408F-8163-DCAD4D903D97}.AppStore|iPhoneSimulator.ActiveCfg = Debug|Any CPU
		{1112FF7B-BB89-408F-8163-DCAD4D903D97}.AppStore|iPhoneSimulator.Build.0 = Debug|Any CPU
		{1112FF7B-BB89-408F-8163-DCAD4D903D97}.Debug|Any CPU.ActiveCfg = Debug|Any CPU
		{1112FF7B-BB89-408F-8163-DCAD4D903D97}.Debug|Any CPU.Build.0 = Debug|Any CPU
		{1112FF7B-BB89-408F-8163-DCAD4D903D97}.Debug|iPhone.ActiveCfg = Debug|Any CPU
		{1112FF7B-BB89-408F-8163-DCAD4D903D97}.Debug|iPhone.Build.0 = Debug|Any CPU
		{1112FF7B-BB89-408F-8163-DCAD4D903D97}.Debug|iPhoneSimulator.ActiveCfg = Debug|Any CPU
		{1112FF7B-BB89-408F-8163-DCAD4D903D97}.Debug|iPhoneSimulator.Build.0 = Debug|Any CPU
		{1112FF7B-BB89-408F-8163-DCAD4D903D97}.Release|Any CPU.ActiveCfg = Release|Any CPU
		{1112FF7B-BB89-408F-8163-DCAD4D903D97}.Release|Any CPU.Build.0 = Release|Any CPU
		{1112FF7B-BB89-408F-8163-DCAD4D903D97}.Release|iPhone.ActiveCfg = Release|Any CPU
		{1112FF7B-BB89-408F-8163-DCAD4D903D97}.Release|iPhone.Build.0 = Release|Any CPU
		{1112FF7B-BB89-408F-8163-DCAD4D903D97}.Release|iPhoneSimulator.ActiveCfg = Release|Any CPU
		{1112FF7B-BB89-408F-8163-DCAD4D903D97}.Release|iPhoneSimulator.Build.0 = Release|Any CPU
		{D4E90B29-7358-44CE-97C2-F264228A461F}.Ad-Hoc|Any CPU.ActiveCfg = Debug|Any CPU
		{D4E90B29-7358-44CE-97C2-F264228A461F}.Ad-Hoc|Any CPU.Build.0 = Debug|Any CPU
		{D4E90B29-7358-44CE-97C2-F264228A461F}.Ad-Hoc|iPhone.ActiveCfg = Debug|Any CPU
		{D4E90B29-7358-44CE-97C2-F264228A461F}.Ad-Hoc|iPhone.Build.0 = Debug|Any CPU
		{D4E90B29-7358-44CE-97C2-F264228A461F}.Ad-Hoc|iPhoneSimulator.ActiveCfg = Debug|Any CPU
		{D4E90B29-7358-44CE-97C2-F264228A461F}.Ad-Hoc|iPhoneSimulator.Build.0 = Debug|Any CPU
		{D4E90B29-7358-44CE-97C2-F264228A461F}.AppStore|Any CPU.ActiveCfg = Debug|Any CPU
		{D4E90B29-7358-44CE-97C2-F264228A461F}.AppStore|Any CPU.Build.0 = Debug|Any CPU
		{D4E90B29-7358-44CE-97C2-F264228A461F}.AppStore|iPhone.ActiveCfg = Debug|Any CPU
		{D4E90B29-7358-44CE-97C2-F264228A461F}.AppStore|iPhone.Build.0 = Debug|Any CPU
		{D4E90B29-7358-44CE-97C2-F264228A461F}.AppStore|iPhoneSimulator.ActiveCfg = Debug|Any CPU
		{D4E90B29-7358-44CE-97C2-F264228A461F}.AppStore|iPhoneSimulator.Build.0 = Debug|Any CPU
		{D4E90B29-7358-44CE-97C2-F264228A461F}.Debug|Any CPU.ActiveCfg = Debug|Any CPU
		{D4E90B29-7358-44CE-97C2-F264228A461F}.Debug|Any CPU.Build.0 = Debug|Any CPU
		{D4E90B29-7358-44CE-97C2-F264228A461F}.Debug|iPhone.ActiveCfg = Debug|Any CPU
		{D4E90B29-7358-44CE-97C2-F264228A461F}.Debug|iPhone.Build.0 = Debug|Any CPU
		{D4E90B29-7358-44CE-97C2-F264228A461F}.Debug|iPhoneSimulator.ActiveCfg = Debug|Any CPU
		{D4E90B29-7358-44CE-97C2-F264228A461F}.Debug|iPhoneSimulator.Build.0 = Debug|Any CPU
		{D4E90B29-7358-44CE-97C2-F264228A461F}.Release|Any CPU.ActiveCfg = Release|Any CPU
		{D4E90B29-7358-44CE-97C2-F264228A461F}.Release|Any CPU.Build.0 = Release|Any CPU
		{D4E90B29-7358-44CE-97C2-F264228A461F}.Release|iPhone.ActiveCfg = Release|Any CPU
		{D4E90B29-7358-44CE-97C2-F264228A461F}.Release|iPhone.Build.0 = Release|Any CPU
		{D4E90B29-7358-44CE-97C2-F264228A461F}.Release|iPhoneSimulator.ActiveCfg = Release|Any CPU
		{D4E90B29-7358-44CE-97C2-F264228A461F}.Release|iPhoneSimulator.Build.0 = Release|Any CPU
		{EF28D68F-35CC-479D-9254-F398F49258DC}.Ad-Hoc|Any CPU.ActiveCfg = Release|Any CPU
		{EF28D68F-35CC-479D-9254-F398F49258DC}.Ad-Hoc|Any CPU.Build.0 = Release|Any CPU
		{EF28D68F-35CC-479D-9254-F398F49258DC}.Ad-Hoc|Any CPU.Deploy.0 = Release|Any CPU
		{EF28D68F-35CC-479D-9254-F398F49258DC}.Ad-Hoc|iPhone.ActiveCfg = Release|Any CPU
		{EF28D68F-35CC-479D-9254-F398F49258DC}.Ad-Hoc|iPhone.Build.0 = Release|Any CPU
		{EF28D68F-35CC-479D-9254-F398F49258DC}.Ad-Hoc|iPhone.Deploy.0 = Release|Any CPU
		{EF28D68F-35CC-479D-9254-F398F49258DC}.Ad-Hoc|iPhoneSimulator.ActiveCfg = Release|Any CPU
		{EF28D68F-35CC-479D-9254-F398F49258DC}.Ad-Hoc|iPhoneSimulator.Build.0 = Release|Any CPU
		{EF28D68F-35CC-479D-9254-F398F49258DC}.Ad-Hoc|iPhoneSimulator.Deploy.0 = Release|Any CPU
		{EF28D68F-35CC-479D-9254-F398F49258DC}.AppStore|Any CPU.ActiveCfg = Release|Any CPU
		{EF28D68F-35CC-479D-9254-F398F49258DC}.AppStore|Any CPU.Build.0 = Release|Any CPU
		{EF28D68F-35CC-479D-9254-F398F49258DC}.AppStore|Any CPU.Deploy.0 = Release|Any CPU
		{EF28D68F-35CC-479D-9254-F398F49258DC}.AppStore|iPhone.ActiveCfg = Release|Any CPU
		{EF28D68F-35CC-479D-9254-F398F49258DC}.AppStore|iPhone.Build.0 = Release|Any CPU
		{EF28D68F-35CC-479D-9254-F398F49258DC}.AppStore|iPhone.Deploy.0 = Release|Any CPU
		{EF28D68F-35CC-479D-9254-F398F49258DC}.AppStore|iPhoneSimulator.ActiveCfg = Release|Any CPU
		{EF28D68F-35CC-479D-9254-F398F49258DC}.AppStore|iPhoneSimulator.Build.0 = Release|Any CPU
		{EF28D68F-35CC-479D-9254-F398F49258DC}.AppStore|iPhoneSimulator.Deploy.0 = Release|Any CPU
		{EF28D68F-35CC-479D-9254-F398F49258DC}.Debug|Any CPU.ActiveCfg = Debug|Any CPU
		{EF28D68F-35CC-479D-9254-F398F49258DC}.Debug|Any CPU.Build.0 = Debug|Any CPU
		{EF28D68F-35CC-479D-9254-F398F49258DC}.Debug|Any CPU.Deploy.0 = Debug|Any CPU
		{EF28D68F-35CC-479D-9254-F398F49258DC}.Debug|iPhone.ActiveCfg = Debug|Any CPU
		{EF28D68F-35CC-479D-9254-F398F49258DC}.Debug|iPhone.Build.0 = Debug|Any CPU
		{EF28D68F-35CC-479D-9254-F398F49258DC}.Debug|iPhone.Deploy.0 = Debug|Any CPU
		{EF28D68F-35CC-479D-9254-F398F49258DC}.Debug|iPhoneSimulator.ActiveCfg = Debug|Any CPU
		{EF28D68F-35CC-479D-9254-F398F49258DC}.Debug|iPhoneSimulator.Build.0 = Debug|Any CPU
		{EF28D68F-35CC-479D-9254-F398F49258DC}.Debug|iPhoneSimulator.Deploy.0 = Debug|Any CPU
		{EF28D68F-35CC-479D-9254-F398F49258DC}.Release|Any CPU.ActiveCfg = Release|Any CPU
		{EF28D68F-35CC-479D-9254-F398F49258DC}.Release|Any CPU.Build.0 = Release|Any CPU
		{EF28D68F-35CC-479D-9254-F398F49258DC}.Release|Any CPU.Deploy.0 = Release|Any CPU
		{EF28D68F-35CC-479D-9254-F398F49258DC}.Release|iPhone.ActiveCfg = Release|Any CPU
		{EF28D68F-35CC-479D-9254-F398F49258DC}.Release|iPhone.Build.0 = Release|Any CPU
		{EF28D68F-35CC-479D-9254-F398F49258DC}.Release|iPhone.Deploy.0 = Release|Any CPU
		{EF28D68F-35CC-479D-9254-F398F49258DC}.Release|iPhoneSimulator.ActiveCfg = Release|Any CPU
		{EF28D68F-35CC-479D-9254-F398F49258DC}.Release|iPhoneSimulator.Build.0 = Release|Any CPU
		{EF28D68F-35CC-479D-9254-F398F49258DC}.Release|iPhoneSimulator.Deploy.0 = Release|Any CPU
		{B450820F-D9AB-4456-89BB-D50E57969A57}.Ad-Hoc|Any CPU.ActiveCfg = Ad-Hoc|iPhone
		{B450820F-D9AB-4456-89BB-D50E57969A57}.Ad-Hoc|iPhone.ActiveCfg = Ad-Hoc|iPhone
		{B450820F-D9AB-4456-89BB-D50E57969A57}.Ad-Hoc|iPhone.Build.0 = Ad-Hoc|iPhone
		{B450820F-D9AB-4456-89BB-D50E57969A57}.Ad-Hoc|iPhoneSimulator.ActiveCfg = Ad-Hoc|iPhoneSimulator
		{B450820F-D9AB-4456-89BB-D50E57969A57}.Ad-Hoc|iPhoneSimulator.Build.0 = Ad-Hoc|iPhoneSimulator
		{B450820F-D9AB-4456-89BB-D50E57969A57}.AppStore|Any CPU.ActiveCfg = AppStore|iPhone
		{B450820F-D9AB-4456-89BB-D50E57969A57}.AppStore|iPhone.ActiveCfg = AppStore|iPhone
		{B450820F-D9AB-4456-89BB-D50E57969A57}.AppStore|iPhone.Build.0 = AppStore|iPhone
		{B450820F-D9AB-4456-89BB-D50E57969A57}.AppStore|iPhoneSimulator.ActiveCfg = AppStore|iPhoneSimulator
		{B450820F-D9AB-4456-89BB-D50E57969A57}.AppStore|iPhoneSimulator.Build.0 = AppStore|iPhoneSimulator
		{B450820F-D9AB-4456-89BB-D50E57969A57}.Debug|Any CPU.ActiveCfg = Debug|iPhone
		{B450820F-D9AB-4456-89BB-D50E57969A57}.Debug|iPhone.ActiveCfg = Debug|iPhone
		{B450820F-D9AB-4456-89BB-D50E57969A57}.Debug|iPhone.Build.0 = Debug|iPhone
		{B450820F-D9AB-4456-89BB-D50E57969A57}.Debug|iPhoneSimulator.ActiveCfg = Debug|iPhoneSimulator
		{B450820F-D9AB-4456-89BB-D50E57969A57}.Debug|iPhoneSimulator.Build.0 = Debug|iPhoneSimulator
		{B450820F-D9AB-4456-89BB-D50E57969A57}.Release|Any CPU.ActiveCfg = Release|iPhone
		{B450820F-D9AB-4456-89BB-D50E57969A57}.Release|iPhone.ActiveCfg = Release|iPhone
		{B450820F-D9AB-4456-89BB-D50E57969A57}.Release|iPhone.Build.0 = Release|iPhone
		{B450820F-D9AB-4456-89BB-D50E57969A57}.Release|iPhoneSimulator.ActiveCfg = Release|iPhoneSimulator
		{B450820F-D9AB-4456-89BB-D50E57969A57}.Release|iPhoneSimulator.Build.0 = Release|iPhoneSimulator
	EndGlobalSection
	GlobalSection(SolutionProperties) = preSolution
		HideSolutionNode = FALSE
	EndGlobalSection
	GlobalSection(ExtensibilityGlobals) = postSolution
		SolutionGuid = {1649DDD5-2A70-459F-AA01-B1C6847790D9}
	EndGlobalSection
EndGlobal
